
Microsoft Visual Studio Solution File, Format Version 12.00
# Visual Studio 15
VisualStudioVersion = 15.0.35319.79
MinimumVisualStudioVersion = 10.0.40219.1
Project("{FAE04EC0-301F-11D3-BF4B-00C04F79EFBC}") = "VegGridLayouter.Core", "VegGridLayouter.Core\VegGridLayouter.Core.csproj", "{C299426D-A575-4C94-AF06-70A67AF9D9A8}"
EndProject
Global
	GlobalSection(SolutionConfigurationPlatforms) = preSolution
		Debug|Any CPU = Debug|Any CPU
		Release|Any CPU = Release|Any CPU
	EndGlobalSection
	GlobalSection(ProjectConfigurationPlatforms) = postSolution
		{C299426D-A575-4C94-AF06-70A67AF9D9A8}.Debug|Any CPU.ActiveCfg = Debug|Any CPU
		{C299426D-A575-4C94-AF06-70A67AF9D9A8}.Debug|Any CPU.Build.0 = Debug|Any CPU
		{C299426D-A575-4C94-AF06-70A67AF9D9A8}.Release|Any CPU.ActiveCfg = Release|Any CPU
		{C299426D-A575-4C94-AF06-70A67AF9D9A8}.Release|Any CPU.Build.0 = Release|Any CPU
	EndGlobalSection
	GlobalSection(SolutionProperties) = preSolution
		HideSolutionNode = FALSE
	EndGlobalSection
	GlobalSection(ExtensibilityGlobals) = postSolution
		SolutionGuid = {DAB2A2E2-24CD-4CF3-A48D-9B21D83052DC}
	EndGlobalSection
EndGlobal
